hash: 94dbfe017c7ce36f66c45d9ff1f217eb9bfaa8be1360f510b5649ef2a4a881f9
updated: 2017-02-09T13:11:25.900193161+03:00
imports:
- name: github.com/forestgiant/sliceutil
  version: 94783f95db6c58ab095b288839b769ca549dd4b4
- name: github.com/go-macaron/inject
  version: d8a0b8677191f4380287cfebd08e462217bac7ad
- name: github.com/stretchr/testify
  version: 69483b4bd14f5845b5a1e55bca19e954e827f1d0
- name: github.com/Unknwon/com
  version: 28b053d5a2923b87ce8c5a08f3af779894a72758
- name: golang.org/x/net
  version: 236b8f043b920452504e263bc21d354427127473
  subpackages:
  - publicsuffix
- name: gopkg.in/ini.v1
  version: e3c2d47c61e5333f9aa2974695dd94396eb69c75
- name: gopkg.in/macaron.v1
  version: 78521e4647ad5dcbabd5734d94582ca2373cbad8
- name: gopkg.in/resty.v0
  version: 2e0c2310ba20c7edb6162ea2f6c0d5bba2e5e56d
testImports: []
